// !$*UTF8*$!
{
	archiveVersion = 1;
	classes = {
	};
	objectVersion = 50;
	objects = {

/* Begin PBXBuildFile section */
		544BD60925206454006C4A12 /* CustomDismissAnimationController.swift in Sources */ = {isa = PBXBuildFile; fileRef = 544BD60825206454006C4A12 /* CustomDismissAnimationController.swift */; };
		54501F4F2522478600FFD267 /* Constants.swift in Sources */ = {isa = PBXBuildFile; fileRef = 54501F4E2522478600FFD267 /* Constants.swift */; };
		54501F512522497E00FFD267 /* VideosListingViewModel.swift in Sources */ = {isa = PBXBuildFile; fileRef = 54501F502522497E00FFD267 /* VideosListingViewModel.swift */; };
		54501F53252252F000FFD267 /* DatabaseManager.swift in Sources */ = {isa = PBXBuildFile; fileRef = 54501F52252252F000FFD267 /* DatabaseManager.swift */; };
		54501F55252256F300FFD267 /* Extensions.swift in Sources */ = {isa = PBXBuildFile; fileRef = 54501F54252256F300FFD267 /* Extensions.swift */; };
		54C1CF9B251BF795006ADDB6 /* VideoItemTableViewCell.swift in Sources */ = {isa = PBXBuildFile; fileRef = 54C1CF99251BF795006ADDB6 /* VideoItemTableViewCell.swift */; };
		54C1CF9C251BF795006ADDB6 /* VideoItemTableViewCell.xib in Resources */ = {isa = PBXBuildFile; fileRef = 54C1CF9A251BF795006ADDB6 /* VideoItemTableViewCell.xib */; };
		54C1CF9E251C1046006ADDB6 /* PlayerView.swift in Sources */ = {isa = PBXBuildFile; fileRef = 54C1CF9D251C1046006ADDB6 /* PlayerView.swift */; };
		54C1CFA0251C11B7006ADDB6 /* VideoPlayer.swift in Sources */ = {isa = PBXBuildFile; fileRef = 54C1CF9F251C11B7006ADDB6 /* VideoPlayer.swift */; };
		54C1CFA2251C18F8006ADDB6 /* VideoPlayerViewController.swift in Sources */ = {isa = PBXBuildFile; fileRef = 54C1CFA1251C18F8006ADDB6 /* VideoPlayerViewController.swift */; };
		54CE145F251B580700E03F07 /* AppDelegate.swift in Sources */ = {isa = PBXBuildFile; fileRef = 54CE145E251B580700E03F07 /* AppDelegate.swift */; };
		54CE1461251B580700E03F07 /* SceneDelegate.swift in Sources */ = {isa = PBXBuildFile; fileRef = 54CE1460251B580700E03F07 /* SceneDelegate.swift */; };
		54CE1466251B580700E03F07 /* Main.storyboard in Resources */ = {isa = PBXBuildFile; fileRef = 54CE1464251B580700E03F07 /* Main.storyboard */; };
		54CE1469251B580700E03F07 /* TrellVods.xcdatamodeld in Sources */ = {isa = PBXBuildFile; fileRef = 54CE1467251B580700E03F07 /* TrellVods.xcdatamodeld */; };
		54CE146B251B580900E03F07 /* Assets.xcassets in Resources */ = {isa = PBXBuildFile; fileRef = 54CE146A251B580900E03F07 /* Assets.xcassets */; };
		54CE146E251B580900E03F07 /* LaunchScreen.storyboard in Resources */ = {isa = PBXBuildFile; fileRef = 54CE146C251B580900E03F07 /* LaunchScreen.storyboard */; };
		54CE1479251B580900E03F07 /* TrellVodsTests.swift in Sources */ = {isa = PBXBuildFile; fileRef = 54CE1478251B580900E03F07 /* TrellVodsTests.swift */; };
		54CE1484251B580900E03F07 /* TrellVodsUITests.swift in Sources */ = {isa = PBXBuildFile; fileRef = 54CE1483251B580900E03F07 /* TrellVodsUITests.swift */; };
		54CE1498251BEE3600E03F07 /* VideosListingViewController.swift in Sources */ = {isa = PBXBuildFile; fileRef = 54CE1497251BEE3600E03F07 /* VideosListingViewController.swift */; };
/* End PBXBuildFile section */

/* Begin PBXContainerItemProxy section */
		54CE1475251B580900E03F07 /* PBXContainerItemProxy */ = {
			isa = PBXContainerItemProxy;
			containerPortal = 54CE1453251B580700E03F07 /* Project object */;
			proxyType = 1;
			remoteGlobalIDString = 54CE145A251B580700E03F07;
			remoteInfo = TrellVods;
		};
		54CE1480251B580900E03F07 /* PBXContainerItemProxy */ = {
			isa = PBXContainerItemProxy;
			containerPortal = 54CE1453251B580700E03F07 /* Project object */;
			proxyType = 1;
			remoteGlobalIDString = 54CE145A251B580700E03F07;
			remoteInfo = TrellVods;
		};
/* End PBXContainerItemProxy section */

/* Begin PBXFileReference section */
		544BD60825206454006C4A12 /* CustomDismissAnimationController.swift */ = {isa = PBXFileReference; lastKnownFileType = sourcecode.swift; path = CustomDismissAnimationController.swift; sourceTree = "<group>"; };
		54501F4E2522478600FFD267 /* Constants.swift */ = {isa = PBXFileReference; lastKnownFileType = sourcecode.swift; path = Constants.swift; sourceTree = "<group>"; };
		54501F502522497E00FFD267 /* VideosListingViewModel.swift */ = {isa = PBXFileReference; lastKnownFileType = sourcecode.swift; path = VideosListingViewModel.swift; sourceTree = "<group>"; };
		54501F52252252F000FFD267 /* DatabaseManager.swift */ = {isa = PBXFileReference; lastKnownFileType = sourcecode.swift; path = DatabaseManager.swift; sourceTree = "<group>"; };
		54501F54252256F300FFD267 /* Extensions.swift */ = {isa = PBXFileReference; lastKnownFileType = sourcecode.swift; path = Extensions.swift; sourceTree = "<group>"; };
		54C1CF99251BF795006ADDB6 /* VideoItemTableViewCell.swift */ = {isa = PBXFileReference; lastKnownFileType = sourcecode.swift; path = VideoItemTableViewCell.swift; sourceTree = "<group>"; };
		54C1CF9A251BF795006ADDB6 /* VideoItemTableViewCell.xib */ = {isa = PBXFileReference; lastKnownFileType = file.xib; path = VideoItemTableViewCell.xib; sourceTree = "<group>"; };
		54C1CF9D251C1046006ADDB6 /* PlayerView.swift */ = {isa = PBXFileReference; lastKnownFileType = sourcecode.swift; path = PlayerView.swift; sourceTree = "<group>"; };
		54C1CF9F251C11B7006ADDB6 /* VideoPlayer.swift */ = {isa = PBXFileReference; lastKnownFileType = sourcecode.swift; path = VideoPlayer.swift; sourceTree = "<group>"; };
		54C1CFA1251C18F8006ADDB6 /* VideoPlayerViewController.swift */ = {isa = PBXFileReference; lastKnownFileType = sourcecode.swift; path = VideoPlayerViewController.swift; sourceTree = "<group>"; };
		54CE145B251B580700E03F07 /* TrellVods.app */ = {isa = PBXFileReference; explicitFileType = wrapper.application; includeInIndex = 0; path = TrellVods.app; sourceTree = BUILT_PRODUCTS_DIR; };
		54CE145E251B580700E03F07 /* AppDelegate.swift */ = {isa = PBXFileReference; lastKnownFileType = sourcecode.swift; path = AppDelegate.swift; sourceTree = "<group>"; };
		54CE1460251B580700E03F07 /* SceneDelegate.swift */ = {isa = PBXFileReference; lastKnownFileType = sourcecode.swift; path = SceneDelegate.swift; sourceTree = "<group>"; };
		54CE1465251B580700E03F07 /* Base */ = {isa = PBXFileReference; lastKnownFileType = file.storyboard; name = Base; path = Base.lproj/Main.storyboard; sourceTree = "<group>"; };
		54CE1468251B580700E03F07 /* TrellVods.xcdatamodel */ = {isa = PBXFileReference; lastKnownFileType = wrapper.xcdatamodel; path = TrellVods.xcdatamodel; sourceTree = "<group>"; };
		54CE146A251B580900E03F07 /* Assets.xcassets */ = {isa = PBXFileReference; lastKnownFileType = folder.assetcatalog; path = Assets.xcassets; sourceTree = "<group>"; };
		54CE146D251B580900E03F07 /* Base */ = {isa = PBXFileReference; lastKnownFileType = file.storyboard; name = Base; path = Base.lproj/LaunchScreen.storyboard; sourceTree = "<group>"; };
		54CE146F251B580900E03F07 /* Info.plist */ = {isa = PBXFileReference; lastKnownFileType = text.plist.xml; path = Info.plist; sourceTree = "<group>"; };
		54CE1474251B580900E03F07 /* TrellVodsTests.xctest */ = {isa = PBXFileReference; explicitFileType = wrapper.cfbundle; includeInIndex = 0; path = TrellVodsTests.xctest; sourceTree = BUILT_PRODUCTS_DIR; };
		54CE1478251B580900E03F07 /* TrellVodsTests.swift */ = {isa = PBXFileReference; lastKnownFileType = sourcecode.swift; path = TrellVodsTests.swift; sourceTree = "<group>"; };
		54CE147A251B580900E03F07 /* Info.plist */ = {isa = PBXFileReference; lastKnownFileType = text.plist.xml; path = Info.plist; sourceTree = "<group>"; };
		54CE147F251B580900E03F07 /* TrellVodsUITests.xctest */ = {isa = PBXFileReference; explicitFileType = wrapper.cfbundle; includeInIndex = 0; path = TrellVodsUITests.xctest; sourceTree = BUILT_PRODUCTS_DIR; };
		54CE1483251B580900E03F07 /* TrellVodsUITests.swift */ = {isa = PBXFileReference; lastKnownFileType = sourcecode.swift; path = TrellVodsUITests.swift; sourceTree = "<group>"; };
		54CE1485251B580900E03F07 /* Info.plist */ = {isa = PBXFileReference; lastKnownFileType = text.plist.xml; path = Info.plist; sourceTree = "<group>"; };
		54CE1497251BEE3600E03F07 /* VideosListingViewController.swift */ = {isa = PBXFileReference; lastKnownFileType = sourcecode.swift; path = VideosListingViewController.swift; sourceTree = "<group>"; };
/* End PBXFileReference section */

/* Begin PBXFrameworksBuildPhase section */
		54CE1458251B580700E03F07 /* Frameworks */ = {
			isa = PBXFrameworksBuildPhase;
			buildActionMask = 2147483647;
			files = (
			);
			runOnlyForDeploymentPostprocessing = 0;
		};
		54CE1471251B580900E03F07 /* Frameworks */ = {
			isa = PBXFrameworksBuildPhase;
			buildActionMask = 2147483647;
			files = (
			);
			runOnlyForDeploymentPostprocessing = 0;
		};
		54CE147C251B580900E03F07 /* Frameworks */ = {
			isa = PBXFrameworksBuildPhase;
			buildActionMask = 2147483647;
			files = (
			);
			runOnlyForDeploymentPostprocessing = 0;
		};
/* End PBXFrameworksBuildPhase section */

/* Begin PBXGroup section */
		544BD604252063C5006C4A12 /* MainFiles */ = {
			isa = PBXGroup;
			children = (
				54CE145E251B580700E03F07 /* AppDelegate.swift */,
				54CE1460251B580700E03F07 /* SceneDelegate.swift */,
				54CE1464251B580700E03F07 /* Main.storyboard */,
				54CE146A251B580900E03F07 /* Assets.xcassets */,
				54CE146C251B580900E03F07 /* LaunchScreen.storyboard */,
				54CE1467251B580700E03F07 /* TrellVods.xcdatamodeld */,
			);
			path = MainFiles;
			sourceTree = "<group>";
		};
		544BD605252063F2006C4A12 /* Scenes */ = {
			isa = PBXGroup;
			children = (
				54CE1497251BEE3600E03F07 /* VideosListingViewController.swift */,
				54501F502522497E00FFD267 /* VideosListingViewModel.swift */,
				54C1CFA1251C18F8006ADDB6 /* VideoPlayerViewController.swift */,
			);
			path = Scenes;
			sourceTree = "<group>";
		};
		544BD60625206410006C4A12 /* Views */ = {
			isa = PBXGroup;
			children = (
				54C1CF99251BF795006ADDB6 /* VideoItemTableViewCell.swift */,
				54C1CF9A251BF795006ADDB6 /* VideoItemTableViewCell.xib */,
				54C1CF9D251C1046006ADDB6 /* PlayerView.swift */,
				54C1CF9F251C11B7006ADDB6 /* VideoPlayer.swift */,
			);
			path = Views;
			sourceTree = "<group>";
		};
		544BD60725206429006C4A12 /* Helpers */ = {
			isa = PBXGroup;
			children = (
				544BD60825206454006C4A12 /* CustomDismissAnimationController.swift */,
				54501F4E2522478600FFD267 /* Constants.swift */,
				54501F52252252F000FFD267 /* DatabaseManager.swift */,
				54501F54252256F300FFD267 /* Extensions.swift */,
			);
			path = Helpers;
			sourceTree = "<group>";
		};
		54CE1452251B580700E03F07 = {
			isa = PBXGroup;
			children = (
				54CE145D251B580700E03F07 /* TrellVods */,
				54CE1477251B580900E03F07 /* TrellVodsTests */,
				54CE1482251B580900E03F07 /* TrellVodsUITests */,
				54CE145C251B580700E03F07 /* Products */,
			);
			sourceTree = "<group>";
		};
		54CE145C251B580700E03F07 /* Products */ = {
			isa = PBXGroup;
			children = (
				54CE145B251B580700E03F07 /* TrellVods.app */,
				54CE1474251B580900E03F07 /* TrellVodsTests.xctest */,
				54CE147F251B580900E03F07 /* TrellVodsUITests.xctest */,
			);
			name = Products;
			sourceTree = "<group>";
		};
		54CE145D251B580700E03F07 /* TrellVods */ = {
			isa = PBXGroup;
			children = (
				544BD60725206429006C4A12 /* Helpers */,
				544BD60625206410006C4A12 /* Views */,
				544BD605252063F2006C4A12 /* Scenes */,
				544BD604252063C5006C4A12 /* MainFiles */,
				54CE146F251B580900E03F07 /* Info.plist */,
			);
			path = TrellVods;
			sourceTree = "<group>";
		};
		54CE1477251B580900E03F07 /* TrellVodsTests */ = {
			isa = PBXGroup;
			children = (
				54CE1478251B580900E03F07 /* TrellVodsTests.swift */,
				54CE147A251B580900E03F07 /* Info.plist */,
			);
			path = TrellVodsTests;
			sourceTree = "<group>";
		};
		54CE1482251B580900E03F07 /* TrellVodsUITests */ = {
			isa = PBXGroup;
			children = (
				54CE1483251B580900E03F07 /* TrellVodsUITests.swift */,
				54CE1485251B580900E03F07 /* Info.plist */,
			);
			path = TrellVodsUITests;
			sourceTree = "<group>";
		};
/* End PBXGroup section */

/* Begin PBXNativeTarget section */
		54CE145A251B580700E03F07 /* TrellVods */ = {
			isa = PBXNativeTarget;
			buildConfigurationList = 54CE1488251B580900E03F07 /* Build configuration list for PBXNativeTarget "TrellVods" */;
			buildPhases = (
				54CE1457251B580700E03F07 /* Sources */,
				54CE1458251B580700E03F07 /* Frameworks */,
				54CE1459251B580700E03F07 /* Resources */,
			);
			buildRules = (
			);
			dependencies = (
			);
			name = TrellVods;
			productName = TrellVods;
			productReference = 54CE145B251B580700E03F07 /* TrellVods.app */;
			productType = "com.apple.product-type.application";
		};
		54CE1473251B580900E03F07 /* TrellVodsTests */ = {
			isa = PBXNativeTarget;
			buildConfigurationList = 54CE148B251B580900E03F07 /* Build configuration list for PBXNativeTarget "TrellVodsTests" */;
			buildPhases = (
				54CE1470251B580900E03F07 /* Sources */,
				54CE1471251B580900E03F07 /* Frameworks */,
				54CE1472251B580900E03F07 /* Resources */,
			);
			buildRules = (
			);
			dependencies = (
				54CE1476251B580900E03F07 /* PBXTargetDependency */,
			);
			name = TrellVodsTests;
			productName = TrellVodsTests;
			productReference = 54CE1474251B580900E03F07 /* TrellVodsTests.xctest */;
			productType = "com.apple.product-type.bundle.unit-test";
		};
		54CE147E251B580900E03F07 /* TrellVodsUITests */ = {
			isa = PBXNativeTarget;
			buildConfigurationList = 54CE148E251B580900E03F07 /* Build configuration list for PBXNativeTarget "TrellVodsUITests" */;
			buildPhases = (
				54CE147B251B580900E03F07 /* Sources */,
				54CE147C251B580900E03F07 /* Frameworks */,
				54CE147D251B580900E03F07 /* Resources */,
			);
			buildRules = (
			);
			dependencies = (
				54CE1481251B580900E03F07 /* PBXTargetDependency */,
			);
			name = TrellVodsUITests;
			productName = TrellVodsUITests;
			productReference = 54CE147F251B580900E03F07 /* TrellVodsUITests.xctest */;
			productType = "com.apple.product-type.bundle.ui-testing";
		};
/* End PBXNativeTarget section */

/* Begin PBXProject section */
		54CE1453251B580700E03F07 /* Project object */ = {
			isa = PBXProject;
			attributes = {
				LastSwiftUpdateCheck = 1150;
				LastUpgradeCheck = 1150;
				ORGANIZATIONNAME = "abhinay varma";
				TargetAttributes = {
					54CE145A251B580700E03F07 = {
						CreatedOnToolsVersion = 11.5;
					};
					54CE1473251B580900E03F07 = {
						CreatedOnToolsVersion = 11.5;
						TestTargetID = 54CE145A251B580700E03F07;
					};
					54CE147E251B580900E03F07 = {
						CreatedOnToolsVersion = 11.5;
						TestTargetID = 54CE145A251B580700E03F07;
					};
				};
			};
			buildConfigurationList = 54CE1456251B580700E03F07 /* Build configuration list for PBXProject "TrellVods" */;
			compatibilityVersion = "Xcode 9.3";
			developmentRegion = en;
			hasScannedForEncodings = 0;
			knownRegions = (
				en,
				Base,
			);
			mainGroup = 54CE1452251B580700E03F07;
			productRefGroup = 54CE145C251B580700E03F07 /* Products */;
			projectDirPath = "";
			projectRoot = "";
			targets = (
				54CE145A251B580700E03F07 /* TrellVods */,
				54CE1473251B580900E03F07 /* TrellVodsTests */,
				54CE147E251B580900E03F07 /* TrellVodsUITests */,
			);
		};
/* End PBXProject section */

/* Begin PBXResourcesBuildPhase section */
		54CE1459251B580700E03F07 /* Resources */ = {
			isa = PBXResourcesBuildPhase;
			buildActionMask = 2147483647;
			files = (
				54C1CF9C251BF795006ADDB6 /* VideoItemTableViewCell.xib in Resources */,
				54CE146E251B580900E03F07 /* LaunchScreen.storyboard in Resources */,
				54CE146B251B580900E03F07 /* Assets.xcassets in Resources */,
				54CE1466251B580700E03F07 /* Main.storyboard in Resources */,
			);
			runOnlyForDeploymentPostprocessing = 0;
		};
		54CE1472251B580900E03F07 /* Resources */ = {
			isa = PBXResourcesBuildPhase;
			buildActionMask = 2147483647;
			files = (
			);
			runOnlyForDeploymentPostprocessing = 0;
		};
		54CE147D251B580900E03F07 /* Resources */ = {
			isa = PBXResourcesBuildPhase;
			buildActionMask = 2147483647;
			files = (
			);
			runOnlyForDeploymentPostprocessing = 0;
		};
/* End PBXResourcesBuildPhase section */

/* Begin PBXSourcesBuildPhase section */
		54CE1457251B580700E03F07 /* Sources */ = {
			isa = PBXSourcesBuildPhase;
			buildActionMask = 2147483647;
			files = (
				54C1CFA0251C11B7006ADDB6 /* VideoPlayer.swift in Sources */,
				54CE1469251B580700E03F07 /* TrellVods.xcdatamodeld in Sources */,
				54CE1498251BEE3600E03F07 /* VideosListingViewController.swift in Sources */,
				54CE145F251B580700E03F07 /* AppDelegate.swift in Sources */,
				54C1CF9E251C1046006ADDB6 /* PlayerView.swift in Sources */,
				54501F4F2522478600FFD267 /* Constants.swift in Sources */,
				54C1CFA2251C18F8006ADDB6 /* VideoPlayerViewController.swift in Sources */,
				544BD60925206454006C4A12 /* CustomDismissAnimationController.swift in Sources */,
				54501F55252256F300FFD267 /* Extensions.swift in Sources */,
				54501F53252252F000FFD267 /* DatabaseManager.swift in Sources */,
				54C1CF9B251BF795006ADDB6 /* VideoItemTableViewCell.swift in Sources */,
				54501F512522497E00FFD267 /* VideosListingViewModel.swift in Sources */,
				54CE1461251B580700E03F07 /* SceneDelegate.swift in Sources */,
			);
			runOnlyForDeploymentPostprocessing = 0;
		};
		54CE1470251B580900E03F07 /* Sources */ = {
			isa = PBXSourcesBuildPhase;
			buildActionMask = 2147483647;
			files = (
				54CE1479251B580900E03F07 /* TrellVodsTests.swift in Sources */,
			);
			runOnlyForDeploymentPostprocessing = 0;
		};
		54CE147B251B580900E03F07 /* Sources */ = {
			isa = PBXSourcesBuildPhase;
			buildActionMask = 2147483647;
			files = (
				54CE1484251B580900E03F07 /* TrellVodsUITests.swift in Sources */,
			);
			runOnlyForDeploymentPostprocessing = 0;
		};
/* End PBXSourcesBuildPhase section */

/* Begin PBXTargetDependency section */
		54CE1476251B580900E03F07 /* PBXTargetDependency */ = {
			isa = PBXTargetDependency;
			target = 54CE145A251B580700E03F07 /* TrellVods */;
			targetProxy = 54CE1475251B580900E03F07 /* PBXContainerItemProxy */;
		};
		54CE1481251B580900E03F07 /* PBXTargetDependency */ = {
			isa = PBXTargetDependency;
			target = 54CE145A251B580700E03F07 /* TrellVods */;
			targetProxy = 54CE1480251B580900E03F07 /* PBXContainerItemProxy */;
		};
/* End PBXTargetDependency section */

/* Begin PBXVariantGroup section */
		54CE1464251B580700E03F07 /* Main.storyboard */ = {
			isa = PBXVariantGroup;
			children = (
				54CE1465251B580700E03F07 /* Base */,
			);
			name = Main.storyboard;
			sourceTree = "<group>";
		};
		54CE146C251B580900E03F07 /* LaunchScreen.storyboard */ = {
			isa = PBXVariantGroup;
			children = (
				54CE146D251B580900E03F07 /* Base */,
			);
			name = LaunchScreen.storyboard;
			sourceTree = "<group>";
		};
/* End PBXVariantGroup section */

/* Begin XCBuildConfiguration section */
		54CE1486251B580900E03F07 /* Debug */ = {
			isa = XCBuildConfiguration;
			buildSettings = {
				ALWAYS_SEARCH_USER_PATHS = NO;
				CLANG_ANALYZER_NONNULL = YES;
				CLANG_ANALYZER_NUMBER_OBJECT_CONVERSION = YES_AGGRESSIVE;
				CLANG_CXX_LANGUAGE_STANDARD = "gnu++14";
				CLANG_CXX_LIBRARY = "libc++";
				CLANG_ENABLE_MODULES = YES;
				CLANG_ENABLE_OBJC_ARC = YES;
				CLANG_ENABLE_OBJC_WEAK = YES;
				CLANG_WARN_BLOCK_CAPTURE_AUTORELEASING = YES;
				CLANG_WARN_BOOL_CONVERSION = YES;
				CLANG_WARN_COMMA = YES;
				CLANG_WARN_CONSTANT_CONVERSION = YES;
				CLANG_WARN_DEPRECATED_OBJC_IMPLEMENTATIONS = YES;
				CLANG_WARN_DIRECT_OBJC_ISA_USAGE = YES_ERROR;
				CLANG_WARN_DOCUMENTATION_COMMENTS = YES;
				CLANG_WARN_EMPTY_BODY = YES;
				CLANG_WARN_ENUM_CONVERSION = YES;
				CLANG_WARN_INFINITE_RECURSION = YES;
				CLANG_WARN_INT_CONVERSION = YES;
				CLANG_WARN_NON_LITERAL_NULL_CONVERSION = YES;
				CLANG_WARN_OBJC_IMPLICIT_RETAIN_SELF = YES;
				CLANG_WARN_OBJC_LITERAL_CONVERSION = YES;
				CLANG_WARN_OBJC_ROOT_CLASS = YES_ERROR;
				CLANG_WARN_RANGE_LOOP_ANALYSIS = YES;
				CLANG_WARN_STRICT_PROTOTYPES = YES;
				CLANG_WARN_SUSPICIOUS_MOVE = YES;
				CLANG_WARN_UNGUARDED_AVAILABILITY = YES_AGGRESSIVE;
				CLANG_WARN_UNREACHABLE_CODE = YES;
				CLANG_WARN__DUPLICATE_METHOD_MATCH = YES;
				COPY_PHASE_STRIP = NO;
				DEBUG_INFORMATION_FORMAT = dwarf;
				ENABLE_STRICT_OBJC_MSGSEND = YES;
				ENABLE_TESTABILITY = YES;
				GCC_C_LANGUAGE_STANDARD = gnu11;
				GCC_DYNAMIC_NO_PIC = NO;
				GCC_NO_COMMON_BLOCKS = YES;
				GCC_OPTIMIZATION_LEVEL = 0;
				GCC_PREPROCESSOR_DEFINITIONS = (
					"DEBUG=1",
					"$(inherited)",
				);
				GCC_WARN_64_TO_32_BIT_CONVERSION = YES;
				GCC_WARN_ABOUT_RETURN_TYPE = YES_ERROR;
				GCC_WARN_UNDECLARED_SELECTOR = YES;
				GCC_WARN_UNINITIALIZED_AUTOS = YES_AGGRESSIVE;
				GCC_WARN_UNUSED_FUNCTION = YES;
				GCC_WARN_UNUSED_VARIABLE = YES;
				IPHONEOS_DEPLOYMENT_TARGET = 13.5;
				MTL_ENABLE_DEBUG_INFO = INCLUDE_SOURCE;
				MTL_FAST_MATH = YES;
				ONLY_ACTIVE_ARCH = YES;
				SDKROOT = iphoneos;
				SWIFT_ACTIVE_COMPILATION_CONDITIONS = DEBUG;
				SWIFT_OPTIMIZATION_LEVEL = "-Onone";
			};
			name = Debug;
		};
		54CE1487251B580900E03F07 /* Release */ = {
			isa = XCBuildConfiguration;
			buildSettings = {
				ALWAYS_SEARCH_USER_PATHS = NO;
				CLANG_ANALYZER_NONNULL = YES;
				CLANG_ANALYZER_NUMBER_OBJECT_CONVERSION = YES_AGGRESSIVE;
				CLANG_CXX_LANGUAGE_STANDARD = "gnu++14";
				CLANG_CXX_LIBRARY = "libc++";
				CLANG_ENABLE_MODULES = YES;
				CLANG_ENABLE_OBJC_ARC = YES;
				CLANG_ENABLE_OBJC_WEAK = YES;
				CLANG_WARN_BLOCK_CAPTURE_AUTORELEASING = YES;
				CLANG_WARN_BOOL_CONVERSION = YES;
				CLANG_WARN_COMMA = YES;
				CLANG_WARN_CONSTANT_CONVERSION = YES;
				CLANG_WARN_DEPRECATED_OBJC_IMPLEMENTATIONS = YES;
				CLANG_WARN_DIRECT_OBJC_ISA_USAGE = YES_ERROR;
				CLANG_WARN_DOCUMENTATION_COMMENTS = YES;
				CLANG_WARN_EMPTY_BODY = YES;
				CLANG_WARN_ENUM_CONVERSION = YES;
				CLANG_WARN_INFINITE_RECURSION = YES;
				CLANG_WARN_INT_CONVERSION = YES;
				CLANG_WARN_NON_LITERAL_NULL_CONVERSION = YES;
				CLANG_WARN_OBJC_IMPLICIT_RETAIN_SELF = YES;
				CLANG_WARN_OBJC_LITERAL_CONVERSION = YES;
				CLANG_WARN_OBJC_ROOT_CLASS = YES_ERROR;
				CLANG_WARN_RANGE_LOOP_ANALYSIS = YES;
				CLANG_WARN_STRICT_PROTOTYPES = YES;
				CLANG_WARN_SUSPICIOUS_MOVE = YES;
				CLANG_WARN_UNGUARDED_AVAILABILITY = YES_AGGRESSIVE;
				CLANG_WARN_UNREACHABLE_CODE = YES;
				CLANG_WARN__DUPLICATE_METHOD_MATCH = YES;
				COPY_PHASE_STRIP = NO;
				DEBUG_INFORMATION_FORMAT = "dwarf-with-dsym";
				ENABLE_NS_ASSERTIONS = NO;
				ENABLE_STRICT_OBJC_MSGSEND = YES;
				GCC_C_LANGUAGE_STANDARD = gnu11;
				GCC_NO_COMMON_BLOCKS = YES;
				GCC_WARN_64_TO_32_BIT_CONVERSION = YES;
				GCC_WARN_ABOUT_RETURN_TYPE = YES_ERROR;
				GCC_WARN_UNDECLARED_SELECTOR = YES;
				GCC_WARN_UNINITIALIZED_AUTOS = YES_AGGRESSIVE;
				GCC_WARN_UNUSED_FUNCTION = YES;
				GCC_WARN_UNUSED_VARIABLE = YES;
				IPHONEOS_DEPLOYMENT_TARGET = 13.5;
				MTL_ENABLE_DEBUG_INFO = NO;
				MTL_FAST_MATH = YES;
				SDKROOT = iphoneos;
				SWIFT_COMPILATION_MODE = wholemodule;
				SWIFT_OPTIMIZATION_LEVEL = "-O";
				VALIDATE_PRODUCT = YES;
			};
			name = Release;
		};
		54CE1489251B580900E03F07 /* Debug */ = {
			isa = XCBuildConfiguration;
			buildSettings = {
				ASSETCATALOG_COMPILER_APPICON_NAME = AppIcon;
				CODE_SIGN_STYLE = Automatic;
				INFOPLIST_FILE = TrellVods/Info.plist;
				LD_RUNPATH_SEARCH_PATHS = (
					"$(inherited)",
					"@executable_path/Frameworks",
				);
				PRODUCT_BUNDLE_IDENTIFIER = myown.creation.TrellVods;
				PRODUCT_NAME = "$(TARGET_NAME)";
				SWIFT_VERSION = 5.0;
				TARGETED_DEVICE_FAMILY = "1,2";
			};
			name = Debug;
		};
		54CE148A251B580900E03F07 /* Release */ = {
			isa = XCBuildConfiguration;
			buildSettings = {
				ASSETCATALOG_COMPILER_APPICON_NAME = AppIcon;
				CODE_SIGN_STYLE = Automatic;
				INFOPLIST_FILE = TrellVods/Info.plist;
				LD_RUNPATH_SEARCH_PATHS = (
					"$(inherited)",
					"@executable_path/Frameworks",
				);
				PRODUCT_BUNDLE_IDENTIFIER = myown.creation.TrellVods;
				PRODUCT_NAME = "$(TARGET_NAME)";
				SWIFT_VERSION = 5.0;
				TARGETED_DEVICE_FAMILY = "1,2";
			};
			name = Release;
		};
		54CE148C251B580900E03F07 /* Debug */ = {
			isa = XCBuildConfiguration;
			buildSettings = {
				ALWAYS_EMBED_SWIFT_STANDARD_LIBRARIES = YES;
				BUNDLE_LOADER = "$(TEST_HOST)";
				CODE_SIGN_STYLE = Automatic;
				INFOPLIST_FILE = TrellVodsTests/Info.plist;
				IPHONEOS_DEPLOYMENT_TARGET = 13.5;
				LD_RUNPATH_SEARCH_PATHS = (
					"$(inherited)",
					"@executable_path/Frameworks",
					"@loader_path/Frameworks",
				);
				PRODUCT_BUNDLE_IDENTIFIER = myown.creation.TrellVodsTests;
				PRODUCT_NAME = "$(TARGET_NAME)";
				SWIFT_VERSION = 5.0;
				TARGETED_DEVICE_FAMILY = "1,2";
				TEST_HOST = "$(BUILT_PRODUCTS_DIR)/TrellVods.app/TrellVods";
			};
			name = Debug;
		};
		54CE148D251B580900E03F07 /* Release */ = {
			isa = XCBuildConfiguration;
			buildSettings = {
				ALWAYS_EMBED_SWIFT_STANDARD_LIBRARIES = YES;
				BUNDLE_LOADER = "$(TEST_HOST)";
				CODE_SIGN_STYLE = Automatic;
				INFOPLIST_FILE = TrellVodsTests/Info.plist;
				IPHONEOS_DEPLOYMENT_TARGET = 13.5;
				LD_RUNPATH_SEARCH_PATHS = (
					"$(inherited)",
					"@executable_path/Frameworks",
					"@loader_path/Frameworks",
				);
				PRODUCT_BUNDLE_IDENTIFIER = myown.creation.TrellVodsTests;
				PRODUCT_NAME = "$(TARGET_NAME)";
				SWIFT_VERSION = 5.0;
				TARGETED_DEVICE_FAMILY = "1,2";
				TEST_HOST = "$(BUILT_PRODUCTS_DIR)/TrellVods.app/TrellVods";
			};
			name = Release;
		};
		54CE148F251B580900E03F07 /* Debug */ = {
			isa = XCBuildConfiguration;
			buildSettings = {
				ALWAYS_EMBED_SWIFT_STANDARD_LIBRARIES = YES;
				CODE_SIGN_STYLE = Automatic;
				INFOPLIST_FILE = TrellVodsUITests/Info.plist;
				LD_RUNPATH_SEARCH_PATHS = (
					"$(inherited)",
					"@executable_path/Frameworks",
					"@loader_path/Frameworks",
				);
				PRODUCT_BUNDLE_IDENTIFIER = myown.creation.TrellVodsUITests;
				PRODUCT_NAME = "$(TARGET_NAME)";
				SWIFT_VERSION = 5.0;
				TARGETED_DEVICE_FAMILY = "1,2";
				TEST_TARGET_NAME = TrellVods;
			};
			name = Debug;
		};
		54CE1490251B580900E03F07 /* Release */ = {
			isa = XCBuildConfiguration;
			buildSettings = {
				ALWAYS_EMBED_SWIFT_STANDARD_LIBRARIES = YES;
				CODE_SIGN_STYLE = Automatic;
				INFOPLIST_FILE = TrellVodsUITests/Info.plist;
				LD_RUNPATH_SEARCH_PATHS = (
					"$(inherited)",
					"@executable_path/Frameworks",
					"@loader_path/Frameworks",
				);
				PRODUCT_BUNDLE_IDENTIFIER = myown.creation.TrellVodsUITests;
				PRODUCT_NAME = "$(TARGET_NAME)";
				SWIFT_VERSION = 5.0;
				TARGETED_DEVICE_FAMILY = "1,2";
				TEST_TARGET_NAME = TrellVods;
			};
			name = Release;
		};
/* End XCBuildConfiguration section */

/* Begin XCConfigurationList section */
		54CE1456251B580700E03F07 /* Build configuration list for PBXProject "TrellVods" */ = {
			isa = XCConfigurationList;
			buildConfigurations = (
				54CE1486251B580900E03F07 /* Debug */,
				54CE1487251B580900E03F07 /* Release */,
			);
			defaultConfigurationIsVisible = 0;
			defaultConfigurationName = Release;
		};
		54CE1488251B580900E03F07 /* Build configuration list for PBXNativeTarget "TrellVods" */ = {
			isa = XCConfigurationList;
			buildConfigurations = (
				54CE1489251B580900E03F07 /* Debug */,
				54CE148A251B580900E03F07 /* Release */,
			);
			defaultConfigurationIsVisible = 0;
			defaultConfigurationName = Release;
		};
		54CE148B251B580900E03F07 /* Build configuration list for PBXNativeTarget "TrellVodsTests" */ = {
			isa = XCConfigurationList;
			buildConfigurations = (
				54CE148C251B580900E03F07 /* Debug */,
				54CE148D251B580900E03F07 /* Release */,
			);
			defaultConfigurationIsVisible = 0;
			defaultConfigurationName = Release;
		};
		54CE148E251B580900E03F07 /* Build configuration list for PBXNativeTarget "TrellVodsUITests" */ = {
			isa = XCConfigurationList;
			buildConfigurations = (
				54CE148F251B580900E03F07 /* Debug */,
				54CE1490251B580900E03F07 /* Release */,
			);
			defaultConfigurationIsVisible = 0;
			defaultConfigurationName = Release;
		};
/* End XCConfigurationList section */

/* Begin XCVersionGroup section */
		54CE1467251B580700E03F07 /* TrellVods.xcdatamodeld */ = {
			isa = XCVersionGroup;
			children = (
				54CE1468251B580700E03F07 /* TrellVods.xcdatamodel */,
			);
			currentVersion = 54CE1468251B580700E03F07 /* TrellVods.xcdatamodel */;
			path = TrellVods.xcdatamodeld;
			sourceTree = "<group>";
			versionGroupType = wrapper.xcdatamodel;
		};
/* End XCVersionGroup section */
	};
	rootObject = 54CE1453251B580700E03F07 /* Project object */;
}
